{
  "nodes": {
    "emacs-overlay": {
      "locked": {
        "lastModified": 1644206259,
        "narHash": "sha256-ioUAzrHDtR0wT6sLXJ9mrDoVnE0SqBbOW0G9oYUOqF8=",
        "owner": "nix-community",
        "repo": "emacs-overlay",
        "rev": "2293d3e1dcdebfc5c7de839dc9571df6a37c19c6",
        "type": "github"
      },
      "original": {
        "owner": "nix-community",
        "repo": "emacs-overlay",
        "type": "github"
      }
    },
    "flake-utils": {
      "locked": {
        "lastModified": 1638122382,
        "narHash": "sha256-sQzZzAbvKEqN9s0bzWuYmRaA03v40gaJ4+iL1LXjaeI=",
        "owner": "numtide",
        "repo": "flake-utils",
        "rev": "74f7e4319258e287b0f9cb95426c9853b282730b",
        "type": "github"
      },
      "original": {
        "owner": "numtide",
        "repo": "flake-utils",
        "type": "github"
      }
    },
    "home-manager": {
      "inputs": {
        "nixpkgs": [
          "nixpkgs"
        ]
      },
      "locked": {
        "lastModified": 1643933104,
        "narHash": "sha256-NZPuFxRsZKN8pjRuHPpzlMyt6JQhcjiduBG8bMghSjE=",
        "owner": "nix-community",
        "repo": "home-manager",
        "rev": "63dccc4e60422c1db2c3929b2fd1541f36b7e664",
        "type": "github"
      },
      "original": {
        "owner": "nix-community",
        "repo": "home-manager",
        "type": "github"
      }
    },
    "nixos-hardware": {
      "locked": {
        "lastModified": 1643980037,
        "narHash": "sha256-RdVHt2mD408WXMjQIOLvUzy8cSUHu8NAbilDmPVxf7E=",
        "owner": "NixOS",
        "repo": "nixos-hardware",
        "rev": "9886a06e4745edb31587d0e9481ad82d35f0d593",
        "type": "github"
      },
      "original": {
        "owner": "NixOS",
        "ref": "master",
        "repo": "nixos-hardware",
        "type": "github"
      }
    },
    "nixpkgs": {
      "locked": {
        "lastModified": 1643852787,
        "narHash": "sha256-RHrvroV61jcfTXfW0Rwc0qu/8lHmfYxSy49adyXkB0I=",
        "owner": "nixos",
        "repo": "nixpkgs",
        "rev": "76e3df7c0687d5b9ff31431fd4ee4d4cd07a4b2f",
        "type": "github"
      },
      "original": {
        "owner": "nixos",
        "ref": "nixos-unstable",
        "repo": "nixpkgs",
        "type": "github"
      }
    },
    "nur": {
      "locked": {
        "lastModified": 1644200006,
        "narHash": "sha256-TCOuqFePZrcRAezpOUtObpXtKgMZS+nd/qREW4PQG3Y=",
        "owner": "nix-community",
        "repo": "NUR",
        "rev": "7429ba7df4ddde4a0d9ec388a22e9db81add54e4",
        "type": "github"
      },
      "original": {
        "owner": "nix-community",
        "repo": "NUR",
        "type": "github"
      }
    },
    "root": {
      "inputs": {
        "emacs-overlay": "emacs-overlay",
        "home-manager": "home-manager",
        "nixos-hardware": "nixos-hardware",
        "nixpkgs": "nixpkgs",
        "nur": "nur",
        "utils": "utils"
      }
    },
    "utils": {
      "inputs": {
        "flake-utils": "flake-utils"
      },
      "locked": {
        "lastModified": 1638172912,
        "narHash": "sha256-jxhQGNEsZTdop/Br3JPS+xmBf6t9cIWRzVZFxbT76Rw=",
        "owner": "gytis-ivaskevicius",
        "repo": "flake-utils-plus",
        "rev": "166d6ebd9f0de03afc98060ac92cba9c71cfe550",
        "type": "github"
      },
      "original": {
        "owner": "gytis-ivaskevicius",
        "ref": "v1.3.1",
        "repo": "flake-utils-plus",
        "type": "github"
      }
    }
  },
  "root": "root",
  "version": 7
}
