{
  "nodes": {
    "emacs-overlay": {
      "inputs": {
        "flake-utils": "flake-utils",
        "nixpkgs": [
          "nixpkgs"
        ],
        "nixpkgs-stable": "nixpkgs-stable"
      },
      "locked": {
        "lastModified": 1692732917,
        "narHash": "sha256-tcm4iO4akobo+/O8vb1kZV+qAOz6BFLZTCq1n8tSzxo=",
        "owner": "nix-community",
        "repo": "emacs-overlay",
        "rev": "f4b61f881ac07096f8e3b61a80e4062bca104e2a",
        "type": "github"
      },
      "original": {
        "owner": "nix-community",
        "repo": "emacs-overlay",
        "type": "github"
      }
    },
    "flake-utils": {
      "inputs": {
        "systems": "systems"
      },
      "locked": {
        "lastModified": 1689068808,
        "narHash": "sha256-6ixXo3wt24N/melDWjq70UuHQLxGV8jZvooRanIHXw0=",
        "owner": "numtide",
        "repo": "flake-utils",
        "rev": "919d646de7be200f3bf08cb76ae1f09402b6f9b4",
        "type": "github"
      },
      "original": {
        "owner": "numtide",
        "repo": "flake-utils",
        "type": "github"
      }
    },
    "flake-utils_2": {
      "locked": {
        "lastModified": 1638122382,
        "narHash": "sha256-sQzZzAbvKEqN9s0bzWuYmRaA03v40gaJ4+iL1LXjaeI=",
        "owner": "numtide",
        "repo": "flake-utils",
        "rev": "74f7e4319258e287b0f9cb95426c9853b282730b",
        "type": "github"
      },
      "original": {
        "owner": "numtide",
        "repo": "flake-utils",
        "type": "github"
      }
    },
    "home-manager": {
      "inputs": {
        "nixpkgs": [
          "nixpkgs"
        ]
      },
      "locked": {
        "lastModified": 1692720545,
        "narHash": "sha256-DQDremUH7lRxiZEIVh6C6kQusuPe1vUKtiVl29nmP0E=",
        "owner": "nix-community",
        "repo": "home-manager",
        "rev": "8eb8c212e50e2fd95af5849585a2eb819add0a1e",
        "type": "github"
      },
      "original": {
        "owner": "nix-community",
        "repo": "home-manager",
        "type": "github"
      }
    },
    "nixos-hardware": {
      "locked": {
        "lastModified": 1692373088,
        "narHash": "sha256-EPgCecdc9I8aTdmDNoO1l7R72r2WPhZRcesV4nzxBj8=",
        "owner": "NixOS",
        "repo": "nixos-hardware",
        "rev": "7f1836531b126cfcf584e7d7d71bf8758bb58969",
        "type": "github"
      },
      "original": {
        "owner": "NixOS",
        "ref": "master",
        "repo": "nixos-hardware",
        "type": "github"
      }
    },
    "nixpkgs": {
      "locked": {
        "lastModified": 1692638711,
        "narHash": "sha256-J0LgSFgJVGCC1+j5R2QndadWI1oumusg6hCtYAzLID4=",
        "owner": "nixos",
        "repo": "nixpkgs",
        "rev": "91a22f76cd1716f9d0149e8a5c68424bb691de15",
        "type": "github"
      },
      "original": {
        "owner": "nixos",
        "ref": "nixos-unstable",
        "repo": "nixpkgs",
        "type": "github"
      }
    },
    "nixpkgs-stable": {
      "locked": {
        "lastModified": 1692525914,
        "narHash": "sha256-MUgZ9/9mE/EbEQA6JPdcQHkjoR5fgvaKhpy6UO67uEc=",
        "owner": "NixOS",
        "repo": "nixpkgs",
        "rev": "475d5ae2c4cb87b904545bdb547af05681198fcc",
        "type": "github"
      },
      "original": {
        "owner": "NixOS",
        "ref": "nixos-23.05",
        "repo": "nixpkgs",
        "type": "github"
      }
    },
    "nixpkgs-stable_2": {
      "locked": {
        "lastModified": 1692492726,
        "narHash": "sha256-rld5qm2B4oRkDwcPD+yOSyTrZQdfCR6mzJGGkecjvTs=",
        "owner": "NixOS",
        "repo": "nixpkgs",
        "rev": "5e63e8bbc46bc4fc22254da1edaf42fc7549c18a",
        "type": "github"
      },
      "original": {
        "owner": "NixOS",
        "ref": "release-23.05",
        "repo": "nixpkgs",
        "type": "github"
      }
    },
    "nixpkgs_2": {
      "locked": {
        "lastModified": 1692463654,
        "narHash": "sha256-F8hZmsQINI+S6UROM4jyxAMbQLtzE44pI8Nk6NtMdao=",
        "owner": "NixOS",
        "repo": "nixpkgs",
        "rev": "ca3c9ac9f4cdd4bea19f592b32bb59b74ab7d783",
        "type": "github"
      },
      "original": {
        "owner": "NixOS",
        "ref": "nixpkgs-unstable",
        "repo": "nixpkgs",
        "type": "github"
      }
    },
    "nur": {
      "locked": {
        "lastModified": 1692754580,
        "narHash": "sha256-lCBKYNmO0FdWkdK+yu1YxlPNnhQ4YVL53jX/Dy2yHQ0=",
        "owner": "nix-community",
        "repo": "NUR",
        "rev": "19bdb81702a30b1abc53646223a188442a0f72f2",
        "type": "github"
      },
      "original": {
        "owner": "nix-community",
        "repo": "NUR",
        "type": "github"
      }
    },
    "root": {
      "inputs": {
        "emacs-overlay": "emacs-overlay",
        "home-manager": "home-manager",
        "nixos-hardware": "nixos-hardware",
        "nixpkgs": "nixpkgs",
        "nur": "nur",
        "scalpel": "scalpel",
        "sops-nix": "sops-nix",
        "utils": "utils"
      }
    },
    "scalpel": {
      "inputs": {
        "nixpkgs": [
          "nixpkgs"
        ],
        "sops-nix": [
          "sops-nix"
        ]
      },
      "locked": {
        "lastModified": 1655566736,
        "narHash": "sha256-Vyolf8j7QcAHyVTQMqS8EGYZ/P6leJtiVNhYyIxoMRw=",
        "owner": "polygon",
        "repo": "scalpel",
        "rev": "16c2103d613bb1c7adc6dbf2a17c2980ce08567f",
        "type": "github"
      },
      "original": {
        "owner": "polygon",
        "repo": "scalpel",
        "type": "github"
      }
    },
    "sops-nix": {
      "inputs": {
        "nixpkgs": "nixpkgs_2",
        "nixpkgs-stable": "nixpkgs-stable_2"
      },
      "locked": {
        "lastModified": 1692728678,
        "narHash": "sha256-02MjG7Sb9k7eOi86CcC4GNWVOjT6gjmXFSqkRjZ8Xyk=",
        "owner": "Mic92",
        "repo": "sops-nix",
        "rev": "1b7b3a32d65dbcd69c217d7735fdf0a6b2184f45",
        "type": "github"
      },
      "original": {
        "owner": "Mic92",
        "repo": "sops-nix",
        "type": "github"
      }
    },
    "systems": {
      "locked": {
        "lastModified": 1681028828,
        "narHash": "sha256-Vy1rq5AaRuLzOxct8nz4T6wlgyUR7zLU309k9mBC768=",
        "owner": "nix-systems",
        "repo": "default",
        "rev": "da67096a3b9bf56a91d16901293e51ba5b49a27e",
        "type": "github"
      },
      "original": {
        "owner": "nix-systems",
        "repo": "default",
        "type": "github"
      }
    },
    "utils": {
      "inputs": {
        "flake-utils": "flake-utils_2"
      },
      "locked": {
        "lastModified": 1638172912,
        "narHash": "sha256-jxhQGNEsZTdop/Br3JPS+xmBf6t9cIWRzVZFxbT76Rw=",
        "owner": "gytis-ivaskevicius",
        "repo": "flake-utils-plus",
        "rev": "166d6ebd9f0de03afc98060ac92cba9c71cfe550",
        "type": "github"
      },
      "original": {
        "owner": "gytis-ivaskevicius",
        "ref": "v1.3.1",
        "repo": "flake-utils-plus",
        "type": "github"
      }
    }
  },
  "root": "root",
  "version": 7
}
